
Microsoft Visual Studio Solution File, Format Version 12.00
# Visual Studio Version 17
VisualStudioVersion = 17.6.33829.357
MinimumVisualStudioVersion = 10.0.40219.1
Project("{9A19103F-16F7-4668-BE54-9A1E7A4F7556}") = "SkillsFrontEnd", "SkillsFrontEnd.csproj", "{DF9BBFC4-F1DC-43E1-8736-606382D8B143}"
EndProject
Project("{9A19103F-16F7-4668-BE54-9A1E7A4F7556}") = "SkillsBackend.Model", "..\skillsdotnet7\SkillsBackend.Model\SkillsBackend.Model.csproj", "{9B000D4F-75C7-49ED-B459-39B62215FFC0}"
EndProject
Project("{9A19103F-16F7-4668-BE54-9A1E7A4F7556}") = "SkillsBackend.Client", "..\skillsdotnet7\SkillsBackend.Client\SkillsBackend.Client.csproj", "{A4C243DF-B4C3-4C01-AFAF-4975DB6AF68A}"
EndProject
Global
	GlobalSection(SolutionConfigurationPlatforms) = preSolution
		Debug|Any CPU = Debug|Any CPU
		Release|Any CPU = Release|Any CPU
	EndGlobalSection
	GlobalSection(ProjectConfigurationPlatforms) = postSolution
		{DF9BBFC4-F1DC-43E1-8736-606382D8B143}.Debug|Any CPU.ActiveCfg = Debug|Any CPU
		{DF9BBFC4-F1DC-43E1-8736-606382D8B143}.Debug|Any CPU.Build.0 = Debug|Any CPU
		{DF9BBFC4-F1DC-43E1-8736-606382D8B143}.Release|Any CPU.ActiveCfg = Release|Any CPU
		{DF9BBFC4-F1DC-43E1-8736-606382D8B143}.Release|Any CPU.Build.0 = Release|Any CPU
		{9B000D4F-75C7-49ED-B459-39B62215FFC0}.Debug|Any CPU.ActiveCfg = Debug|Any CPU
		{9B000D4F-75C7-49ED-B459-39B62215FFC0}.Debug|Any CPU.Build.0 = Debug|Any CPU
		{9B000D4F-75C7-49ED-B459-39B62215FFC0}.Release|Any CPU.ActiveCfg = Release|Any CPU
		{9B000D4F-75C7-49ED-B459-39B62215FFC0}.Release|Any CPU.Build.0 = Release|Any CPU
		{A4C243DF-B4C3-4C01-AFAF-4975DB6AF68A}.Debug|Any CPU.ActiveCfg = Debug|Any CPU
		{A4C243DF-B4C3-4C01-AFAF-4975DB6AF68A}.Debug|Any CPU.Build.0 = Debug|Any CPU
		{A4C243DF-B4C3-4C01-AFAF-4975DB6AF68A}.Release|Any CPU.ActiveCfg = Release|Any CPU
		{A4C243DF-B4C3-4C01-AFAF-4975DB6AF68A}.Release|Any CPU.Build.0 = Release|Any CPU
	EndGlobalSection
	GlobalSection(SolutionProperties) = preSolution
		HideSolutionNode = FALSE
	EndGlobalSection
	GlobalSection(ExtensibilityGlobals) = postSolution
		SolutionGuid = {ECBF3637-6EA7-43C4-9FA0-49FF44EA46D6}
	EndGlobalSection
EndGlobal
